
Microsoft Visual Studio Solution File, Format Version 12.00
# Visual Studio Version 16
VisualStudioVersion = 16.0.32802.440
MinimumVisualStudioVersion = 10.0.40219.1
Project("{FAE04EC0-301F-11D3-BF4B-00C04F79EFBC}") = "CarClassLibrary", "CarClassLibrary\CarClassLibrary.csproj", "{064F8F6B-DA06-4280-8BA4-3BE93E61731E}"
EndProject
Project("{FAE04EC0-301F-11D3-BF4B-00C04F79EFBC}") = "CarStoreConsoleAPP", "CarStoreConsoleAPP\CarStoreConsoleAPP.csproj", "{E6D951A9-B8CC-45E6-9800-92F9AA28EA19}"
EndProject
Global
	GlobalSection(SolutionConfigurationPlatforms) = preSolution
		Debug|Any CPU = Debug|Any CPU
		Release|Any CPU = Release|Any CPU
	EndGlobalSection
	GlobalSection(ProjectConfigurationPlatforms) = postSolution
		{064F8F6B-DA06-4280-8BA4-3BE93E61731E}.Debug|Any CPU.ActiveCfg = Debug|Any CPU
		{064F8F6B-DA06-4280-8BA4-3BE93E61731E}.Debug|Any CPU.Build.0 = Debug|Any CPU
		{064F8F6B-DA06-4280-8BA4-3BE93E61731E}.Release|Any CPU.ActiveCfg = Release|Any CPU
		{064F8F6B-DA06-4280-8BA4-3BE93E61731E}.Release|Any CPU.Build.0 = Release|Any CPU
		{E6D951A9-B8CC-45E6-9800-92F9AA28EA19}.Debug|Any CPU.ActiveCfg = Debug|Any CPU
		{E6D951A9-B8CC-45E6-9800-92F9AA28EA19}.Debug|Any CPU.Build.0 = Debug|Any CPU
		{E6D951A9-B8CC-45E6-9800-92F9AA28EA19}.Release|Any CPU.ActiveCfg = Release|Any CPU
		{E6D951A9-B8CC-45E6-9800-92F9AA28EA19}.Release|Any CPU.Build.0 = Release|Any CPU
	EndGlobalSection
	GlobalSection(SolutionProperties) = preSolution
		HideSolutionNode = FALSE
	EndGlobalSection
	GlobalSection(ExtensibilityGlobals) = postSolution
		SolutionGuid = {15ACD416-9154-4A34-BD4C-BFD80ED9ACB2}
	EndGlobalSection
EndGlobal
